
Microsoft Visual Studio Solution File, Format Version 12.00
# Visual Studio 15
VisualStudioVersion = 15.0.28307.1022
MinimumVisualStudioVersion = 10.0.40219.1
Project("{FAE04EC0-301F-11D3-BF4B-00C04F79EFBC}") = "BankingApplication", "BankingApplication\BankingApplication.csproj", "{9E878358-0733-4A07-ADD5-BBAE4EE8AB4E}"
EndProject
Global
	GlobalSection(SolutionConfigurationPlatforms) = preSolution
		Debug|Any CPU = Debug|Any CPU
		Release|Any CPU = Release|Any CPU
	EndGlobalSection
	GlobalSection(ProjectConfigurationPlatforms) = postSolution
		{9E878358-0733-4A07-ADD5-BBAE4EE8AB4E}.Debug|Any CPU.ActiveCfg = Debug|Any CPU
		{9E878358-0733-4A07-ADD5-BBAE4EE8AB4E}.Debug|Any CPU.Build.0 = Debug|Any CPU
		{9E878358-0733-4A07-ADD5-BBAE4EE8AB4E}.Release|Any CPU.ActiveCfg = Release|Any CPU
		{9E878358-0733-4A07-ADD5-BBAE4EE8AB4E}.Release|Any CPU.Build.0 = Release|Any CPU
	EndGlobalSection
	GlobalSection(SolutionProperties) = preSolution
		HideSolutionNode = FALSE
	EndGlobalSection
	GlobalSection(ExtensibilityGlobals) = postSolution
		SolutionGuid = {F52E305D-E0E5-45F5-B303-DBF8D8C0CE9D}
	EndGlobalSection
EndGlobal
